// !$*UTF8*$!
{
	archiveVersion = 1;
	classes = {
	};
	objectVersion = 55;
	objects = {

/* Begin PBXBuildFile section */
		BB2321E52720916800BFB4A1 /* Firebase_SampleApp.swift in Sources */ = {isa = PBXBuildFile; fileRef = BB2321E42720916800BFB4A1 /* Firebase_SampleApp.swift */; };
		BB2321E92720916900BFB4A1 /* Assets.xcassets in Resources */ = {isa = PBXBuildFile; fileRef = BB2321E82720916900BFB4A1 /* Assets.xcassets */; };
		BB2321EC2720916900BFB4A1 /* Preview Assets.xcassets in Resources */ = {isa = PBXBuildFile; fileRef = BB2321EB2720916900BFB4A1 /* Preview Assets.xcassets */; };
		BB2321F6272092E400BFB4A1 /* FirebaseStorage in Frameworks */ = {isa = PBXBuildFile; productRef = BB2321F5272092E400BFB4A1 /* FirebaseStorage */; };
		BB2321F8272092E400BFB4A1 /* FirebaseStorageSwift-Beta in Frameworks */ = {isa = PBXBuildFile; productRef = BB2321F7272092E400BFB4A1 /* FirebaseStorageSwift-Beta */; };
		BB2321FA2720940600BFB4A1 /* StorageManager.swift in Sources */ = {isa = PBXBuildFile; fileRef = BB2321F92720940600BFB4A1 /* StorageManager.swift */; };
		BB2321FC27209BC100BFB4A1 /* ImagePicker.swift in Sources */ = {isa = PBXBuildFile; fileRef = BB2321FB27209BC100BFB4A1 /* ImagePicker.swift */; };
		BB2321FE27209C3400BFB4A1 /* ViewModel.swift in Sources */ = {isa = PBXBuildFile; fileRef = BB2321FD27209C3400BFB4A1 /* ViewModel.swift */; };
		BB4E49892722281800421B53 /* GoogleService-Info.plist in Resources */ = {isa = PBXBuildFile; fileRef = BB4E49882722281800421B53 /* GoogleService-Info.plist */; };
		BB4E498B2722282E00421B53 /* FirebaseFirestore in Frameworks */ = {isa = PBXBuildFile; productRef = BB4E498A2722282E00421B53 /* FirebaseFirestore */; };
		BB4E498D2722282E00421B53 /* FirebaseFirestoreSwift-Beta in Frameworks */ = {isa = PBXBuildFile; productRef = BB4E498C2722282E00421B53 /* FirebaseFirestoreSwift-Beta */; };
		BBB468E12721F72700B8388F /* SignUpViewModel.swift in Sources */ = {isa = PBXBuildFile; fileRef = BBB468E02721F72700B8388F /* SignUpViewModel.swift */; };
		BBB825EA272100EE001F022F /* FirebaseAuth in Frameworks */ = {isa = PBXBuildFile; productRef = BBB825E9272100EE001F022F /* FirebaseAuth */; };
		BBB825EC272101F1001F022F /* AuthManager.swift in Sources */ = {isa = PBXBuildFile; fileRef = BBB825EB272101F1001F022F /* AuthManager.swift */; };
		BBB8678027225247006A301B /* User.swift in Sources */ = {isa = PBXBuildFile; fileRef = BBB8677F27225247006A301B /* User.swift */; };
		BBB8678227225415006A301B /* FirestoreManager.swift in Sources */ = {isa = PBXBuildFile; fileRef = BBB8678127225415006A301B /* FirestoreManager.swift */; };
		BBB8679227228E8D006A301B /* ReAuthenticateView.swift in Sources */ = {isa = PBXBuildFile; fileRef = BBB8678E27228E8D006A301B /* ReAuthenticateView.swift */; };
		BBB8679327228E8D006A301B /* ContentView.swift in Sources */ = {isa = PBXBuildFile; fileRef = BBB8678F27228E8D006A301B /* ContentView.swift */; };
		BBB8679427228E8D006A301B /* DeleteView.swift in Sources */ = {isa = PBXBuildFile; fileRef = BBB8679027228E8D006A301B /* DeleteView.swift */; };
		BBB8679527228E8D006A301B /* SignUpView.swift in Sources */ = {isa = PBXBuildFile; fileRef = BBB8679127228E8D006A301B /* SignUpView.swift */; };
/* End PBXBuildFile section */

/* Begin PBXFileReference section */
		BB2321E12720916800BFB4A1 /* Firebase Sample.app */ = {isa = PBXFileReference; explicitFileType = wrapper.application; includeInIndex = 0; path = "Firebase Sample.app"; sourceTree = BUILT_PRODUCTS_DIR; };
		BB2321E42720916800BFB4A1 /* Firebase_SampleApp.swift */ = {isa = PBXFileReference; lastKnownFileType = sourcecode.swift; path = Firebase_SampleApp.swift; sourceTree = "<group>"; };
		BB2321E82720916900BFB4A1 /* Assets.xcassets */ = {isa = PBXFileReference; lastKnownFileType = folder.assetcatalog; path = Assets.xcassets; sourceTree = "<group>"; };
		BB2321EB2720916900BFB4A1 /* Preview Assets.xcassets */ = {isa = PBXFileReference; lastKnownFileType = folder.assetcatalog; path = "Preview Assets.xcassets"; sourceTree = "<group>"; };
		BB2321F92720940600BFB4A1 /* StorageManager.swift */ = {isa = PBXFileReference; lastKnownFileType = sourcecode.swift; path = StorageManager.swift; sourceTree = "<group>"; };
		BB2321FB27209BC100BFB4A1 /* ImagePicker.swift */ = {isa = PBXFileReference; fileEncoding = 4; lastKnownFileType = sourcecode.swift; path = ImagePicker.swift; sourceTree = "<group>"; };
		BB2321FD27209C3400BFB4A1 /* ViewModel.swift */ = {isa = PBXFileReference; lastKnownFileType = sourcecode.swift; path = ViewModel.swift; sourceTree = "<group>"; };
		BB4E49882722281800421B53 /* GoogleService-Info.plist */ = {isa = PBXFileReference; fileEncoding = 4; lastKnownFileType = text.plist.xml; path = "GoogleService-Info.plist"; sourceTree = "<group>"; };
		BBB468E02721F72700B8388F /* SignUpViewModel.swift */ = {isa = PBXFileReference; lastKnownFileType = sourcecode.swift; path = SignUpViewModel.swift; sourceTree = "<group>"; };
		BBB825EB272101F1001F022F /* AuthManager.swift */ = {isa = PBXFileReference; lastKnownFileType = sourcecode.swift; path = AuthManager.swift; sourceTree = "<group>"; };
		BBB8677E27224F47006A301B /* Firebase-Sample-Info.plist */ = {isa = PBXFileReference; lastKnownFileType = text.plist; path = "Firebase-Sample-Info.plist"; sourceTree = SOURCE_ROOT; };
		BBB8677F27225247006A301B /* User.swift */ = {isa = PBXFileReference; lastKnownFileType = sourcecode.swift; path = User.swift; sourceTree = "<group>"; };
		BBB8678127225415006A301B /* FirestoreManager.swift */ = {isa = PBXFileReference; lastKnownFileType = sourcecode.swift; path = FirestoreManager.swift; sourceTree = "<group>"; };
		BBB8678E27228E8D006A301B /* ReAuthenticateView.swift */ = {isa = PBXFileReference; fileEncoding = 4; lastKnownFileType = sourcecode.swift; path = ReAuthenticateView.swift; sourceTree = "<group>"; };
		BBB8678F27228E8D006A301B /* ContentView.swift */ = {isa = PBXFileReference; fileEncoding = 4; lastKnownFileType = sourcecode.swift; path = ContentView.swift; sourceTree = "<group>"; };
		BBB8679027228E8D006A301B /* DeleteView.swift */ = {isa = PBXFileReference; fileEncoding = 4; lastKnownFileType = sourcecode.swift; path = DeleteView.swift; sourceTree = "<group>"; };
		BBB8679127228E8D006A301B /* SignUpView.swift */ = {isa = PBXFileReference; fileEncoding = 4; lastKnownFileType = sourcecode.swift; path = SignUpView.swift; sourceTree = "<group>"; };
/* End PBXFileReference section */

/* Begin PBXFrameworksBuildPhase section */
		BB2321DE2720916800BFB4A1 /* Frameworks */ = {
			isa = PBXFrameworksBuildPhase;
			buildActionMask = 2147483647;
			files = (
				BB2321F6272092E400BFB4A1 /* FirebaseStorage in Frameworks */,
				BB4E498B2722282E00421B53 /* FirebaseFirestore in Frameworks */,
				BB4E498D2722282E00421B53 /* FirebaseFirestoreSwift-Beta in Frameworks */,
				BBB825EA272100EE001F022F /* FirebaseAuth in Frameworks */,
				BB2321F8272092E400BFB4A1 /* FirebaseStorageSwift-Beta in Frameworks */,
			);
			runOnlyForDeploymentPostprocessing = 0;
		};
/* End PBXFrameworksBuildPhase section */

/* Begin PBXGroup section */
		BB2321D82720916800BFB4A1 = {
			isa = PBXGroup;
			children = (
				BB2321E32720916800BFB4A1 /* Firebase Sample */,
				BB2321E22720916800BFB4A1 /* Products */,
				BBB825E8272100DD001F022F /* Frameworks */,
			);
			sourceTree = "<group>";
		};
		BB2321E22720916800BFB4A1 /* Products */ = {
			isa = PBXGroup;
			children = (
				BB2321E12720916800BFB4A1 /* Firebase Sample.app */,
			);
			name = Products;
			sourceTree = "<group>";
		};
		BB2321E32720916800BFB4A1 /* Firebase Sample */ = {
			isa = PBXGroup;
			children = (
				BBB8677E27224F47006A301B /* Firebase-Sample-Info.plist */,
				BB2321E42720916800BFB4A1 /* Firebase_SampleApp.swift */,
				BBB8678A27228DE0006A301B /* Models */,
				BBD6458027228F03008317A4 /* Views */,
				BBD6458127228F30008317A4 /* ViewModels */,
				BBB8678927228DD2006A301B /* Services */,
				BBD6458227228F52008317A4 /* UIKit */,
				BB4E49882722281800421B53 /* GoogleService-Info.plist */,
				BB2321E82720916900BFB4A1 /* Assets.xcassets */,
				BB2321EA2720916900BFB4A1 /* Preview Content */,
			);
			path = "Firebase Sample";
			sourceTree = "<group>";
		};
		BB2321EA2720916900BFB4A1 /* Preview Content */ = {
			isa = PBXGroup;
			children = (
				BB2321EB2720916900BFB4A1 /* Preview Assets.xcassets */,
			);
			path = "Preview Content";
			sourceTree = "<group>";
		};
		BBB825E8272100DD001F022F /* Frameworks */ = {
			isa = PBXGroup;
			children = (
			);
			name = Frameworks;
			sourceTree = "<group>";
		};
		BBB8678927228DD2006A301B /* Services */ = {
			isa = PBXGroup;
			children = (
				BB2321F92720940600BFB4A1 /* StorageManager.swift */,
				BBB825EB272101F1001F022F /* AuthManager.swift */,
				BBB8678127225415006A301B /* FirestoreManager.swift */,
			);
			path = Services;
			sourceTree = "<group>";
		};
		BBB8678A27228DE0006A301B /* Models */ = {
			isa = PBXGroup;
			children = (
				BBB8677F27225247006A301B /* User.swift */,
			);
			path = Models;
			sourceTree = "<group>";
		};
		BBD6458027228F03008317A4 /* Views */ = {
			isa = PBXGroup;
			children = (
				BBB8678F27228E8D006A301B /* ContentView.swift */,
				BBB8679027228E8D006A301B /* DeleteView.swift */,
				BBB8679127228E8D006A301B /* SignUpView.swift */,
				BBB8678E27228E8D006A301B /* ReAuthenticateView.swift */,
			);
			path = Views;
			sourceTree = "<group>";
		};
		BBD6458127228F30008317A4 /* ViewModels */ = {
			isa = PBXGroup;
			children = (
				BBB468E02721F72700B8388F /* SignUpViewModel.swift */,
				BB2321FD27209C3400BFB4A1 /* ViewModel.swift */,
			);
			path = ViewModels;
			sourceTree = "<group>";
		};
		BBD6458227228F52008317A4 /* UIKit */ = {
			isa = PBXGroup;
			children = (
				BB2321FB27209BC100BFB4A1 /* ImagePicker.swift */,
			);
			path = UIKit;
			sourceTree = "<group>";
		};
/* End PBXGroup section */

/* Begin PBXNativeTarget section */
		BB2321E02720916800BFB4A1 /* Firebase Sample */ = {
			isa = PBXNativeTarget;
			buildConfigurationList = BB2321EF2720916900BFB4A1 /* Build configuration list for PBXNativeTarget "Firebase Sample" */;
			buildPhases = (
				BB2321DD2720916800BFB4A1 /* Sources */,
				BB2321DE2720916800BFB4A1 /* Frameworks */,
				BB2321DF2720916800BFB4A1 /* Resources */,
			);
			buildRules = (
			);
			dependencies = (
			);
			name = "Firebase Sample";
			packageProductDependencies = (
				BB2321F5272092E400BFB4A1 /* FirebaseStorage */,
				BB2321F7272092E400BFB4A1 /* FirebaseStorageSwift-Beta */,
				BBB825E9272100EE001F022F /* FirebaseAuth */,
				BB4E498A2722282E00421B53 /* FirebaseFirestore */,
				BB4E498C2722282E00421B53 /* FirebaseFirestoreSwift-Beta */,
			);
			productName = "Storage Emulator Issue";
			productReference = BB2321E12720916800BFB4A1 /* Firebase Sample.app */;
			productType = "com.apple.product-type.application";
		};
/* End PBXNativeTarget section */

/* Begin PBXProject section */
		BB2321D92720916800BFB4A1 /* Project object */ = {
			isa = PBXProject;
			attributes = {
				BuildIndependentTargetsInParallel = 1;
				LastSwiftUpdateCheck = 1310;
				LastUpgradeCheck = 1310;
				TargetAttributes = {
					BB2321E02720916800BFB4A1 = {
						CreatedOnToolsVersion = 13.1;
					};
				};
			};
			buildConfigurationList = BB2321DC2720916800BFB4A1 /* Build configuration list for PBXProject "Firebase Sample" */;
			compatibilityVersion = "Xcode 13.0";
			developmentRegion = en;
			hasScannedForEncodings = 0;
			knownRegions = (
				en,
				Base,
			);
			mainGroup = BB2321D82720916800BFB4A1;
			packageReferences = (
				BB2321F4272092E400BFB4A1 /* XCRemoteSwiftPackageReference "firebase-ios-sdk" */,
			);
			productRefGroup = BB2321E22720916800BFB4A1 /* Products */;
			projectDirPath = "";
			projectRoot = "";
			targets = (
				BB2321E02720916800BFB4A1 /* Firebase Sample */,
			);
		};
/* End PBXProject section */

/* Begin PBXResourcesBuildPhase section */
		BB2321DF2720916800BFB4A1 /* Resources */ = {
			isa = PBXResourcesBuildPhase;
			buildActionMask = 2147483647;
			files = (
				BB2321EC2720916900BFB4A1 /* Preview Assets.xcassets in Resources */,
				BB2321E92720916900BFB4A1 /* Assets.xcassets in Resources */,
				BB4E49892722281800421B53 /* GoogleService-Info.plist in Resources */,
			);
			runOnlyForDeploymentPostprocessing = 0;
		};
/* End PBXResourcesBuildPhase section */

/* Begin PBXSourcesBuildPhase section */
		BB2321DD2720916800BFB4A1 /* Sources */ = {
			isa = PBXSourcesBuildPhase;
			buildActionMask = 2147483647;
			files = (
				BB2321FE27209C3400BFB4A1 /* ViewModel.swift in Sources */,
				BBB8678227225415006A301B /* FirestoreManager.swift in Sources */,
				BBB825EC272101F1001F022F /* AuthManager.swift in Sources */,
				BBB468E12721F72700B8388F /* SignUpViewModel.swift in Sources */,
				BBB8679527228E8D006A301B /* SignUpView.swift in Sources */,
				BB2321FA2720940600BFB4A1 /* StorageManager.swift in Sources */,
				BBB8678027225247006A301B /* User.swift in Sources */,
				BBB8679327228E8D006A301B /* ContentView.swift in Sources */,
				BBB8679227228E8D006A301B /* ReAuthenticateView.swift in Sources */,
				BBB8679427228E8D006A301B /* DeleteView.swift in Sources */,
				BB2321FC27209BC100BFB4A1 /* ImagePicker.swift in Sources */,
				BB2321E52720916800BFB4A1 /* Firebase_SampleApp.swift in Sources */,
			);
			runOnlyForDeploymentPostprocessing = 0;
		};
/* End PBXSourcesBuildPhase section */

/* Begin XCBuildConfiguration section */
		BB2321ED2720916900BFB4A1 /* Debug */ = {
			isa = XCBuildConfiguration;
			buildSettings = {
				ALWAYS_SEARCH_USER_PATHS = NO;
				CLANG_ANALYZER_NONNULL = YES;
				CLANG_ANALYZER_NUMBER_OBJECT_CONVERSION = YES_AGGRESSIVE;
				CLANG_CXX_LANGUAGE_STANDARD = "gnu++17";
				CLANG_CXX_LIBRARY = "libc++";
				CLANG_ENABLE_MODULES = YES;
				CLANG_ENABLE_OBJC_ARC = YES;
				CLANG_ENABLE_OBJC_WEAK = YES;
				CLANG_WARN_BLOCK_CAPTURE_AUTORELEASING = YES;
				CLANG_WARN_BOOL_CONVERSION = YES;
				CLANG_WARN_COMMA = YES;
				CLANG_WARN_CONSTANT_CONVERSION = YES;
				CLANG_WARN_DEPRECATED_OBJC_IMPLEMENTATIONS = YES;
				CLANG_WARN_DIRECT_OBJC_ISA_USAGE = YES_ERROR;
				CLANG_WARN_DOCUMENTATION_COMMENTS = YES;
				CLANG_WARN_EMPTY_BODY = YES;
				CLANG_WARN_ENUM_CONVERSION = YES;
				CLANG_WARN_INFINITE_RECURSION = YES;
				CLANG_WARN_INT_CONVERSION = YES;
				CLANG_WARN_NON_LITERAL_NULL_CONVERSION = YES;
				CLANG_WARN_OBJC_IMPLICIT_RETAIN_SELF = YES;
				CLANG_WARN_OBJC_LITERAL_CONVERSION = YES;
				CLANG_WARN_OBJC_ROOT_CLASS = YES_ERROR;
				CLANG_WARN_QUOTED_INCLUDE_IN_FRAMEWORK_HEADER = YES;
				CLANG_WARN_RANGE_LOOP_ANALYSIS = YES;
				CLANG_WARN_STRICT_PROTOTYPES = YES;
				CLANG_WARN_SUSPICIOUS_MOVE = YES;
				CLANG_WARN_UNGUARDED_AVAILABILITY = YES_AGGRESSIVE;
				CLANG_WARN_UNREACHABLE_CODE = YES;
				CLANG_WARN__DUPLICATE_METHOD_MATCH = YES;
				COPY_PHASE_STRIP = NO;
				DEBUG_INFORMATION_FORMAT = dwarf;
				ENABLE_STRICT_OBJC_MSGSEND = YES;
				ENABLE_TESTABILITY = YES;
				GCC_C_LANGUAGE_STANDARD = gnu11;
				GCC_DYNAMIC_NO_PIC = NO;
				GCC_NO_COMMON_BLOCKS = YES;
				GCC_OPTIMIZATION_LEVEL = 0;
				GCC_PREPROCESSOR_DEFINITIONS = (
					"DEBUG=1",
					"$(inherited)",
				);
				GCC_WARN_64_TO_32_BIT_CONVERSION = YES;
				GCC_WARN_ABOUT_RETURN_TYPE = YES_ERROR;
				GCC_WARN_UNDECLARED_SELECTOR = YES;
				GCC_WARN_UNINITIALIZED_AUTOS = YES_AGGRESSIVE;
				GCC_WARN_UNUSED_FUNCTION = YES;
				GCC_WARN_UNUSED_VARIABLE = YES;
				IPHONEOS_DEPLOYMENT_TARGET = 15.0;
				MTL_ENABLE_DEBUG_INFO = INCLUDE_SOURCE;
				MTL_FAST_MATH = YES;
				ONLY_ACTIVE_ARCH = YES;
				SDKROOT = iphoneos;
				SWIFT_ACTIVE_COMPILATION_CONDITIONS = DEBUG;
				SWIFT_OPTIMIZATION_LEVEL = "-Onone";
			};
			name = Debug;
		};
		BB2321EE2720916900BFB4A1 /* Release */ = {
			isa = XCBuildConfiguration;
			buildSettings = {
				ALWAYS_SEARCH_USER_PATHS = NO;
				CLANG_ANALYZER_NONNULL = YES;
				CLANG_ANALYZER_NUMBER_OBJECT_CONVERSION = YES_AGGRESSIVE;
				CLANG_CXX_LANGUAGE_STANDARD = "gnu++17";
				CLANG_CXX_LIBRARY = "libc++";
				CLANG_ENABLE_MODULES = YES;
				CLANG_ENABLE_OBJC_ARC = YES;
				CLANG_ENABLE_OBJC_WEAK = YES;
				CLANG_WARN_BLOCK_CAPTURE_AUTORELEASING = YES;
				CLANG_WARN_BOOL_CONVERSION = YES;
				CLANG_WARN_COMMA = YES;
				CLANG_WARN_CONSTANT_CONVERSION = YES;
				CLANG_WARN_DEPRECATED_OBJC_IMPLEMENTATIONS = YES;
				CLANG_WARN_DIRECT_OBJC_ISA_USAGE = YES_ERROR;
				CLANG_WARN_DOCUMENTATION_COMMENTS = YES;
				CLANG_WARN_EMPTY_BODY = YES;
				CLANG_WARN_ENUM_CONVERSION = YES;
				CLANG_WARN_INFINITE_RECURSION = YES;
				CLANG_WARN_INT_CONVERSION = YES;
				CLANG_WARN_NON_LITERAL_NULL_CONVERSION = YES;
				CLANG_WARN_OBJC_IMPLICIT_RETAIN_SELF = YES;
				CLANG_WARN_OBJC_LITERAL_CONVERSION = YES;
				CLANG_WARN_OBJC_ROOT_CLASS = YES_ERROR;
				CLANG_WARN_QUOTED_INCLUDE_IN_FRAMEWORK_HEADER = YES;
				CLANG_WARN_RANGE_LOOP_ANALYSIS = YES;
				CLANG_WARN_STRICT_PROTOTYPES = YES;
				CLANG_WARN_SUSPICIOUS_MOVE = YES;
				CLANG_WARN_UNGUARDED_AVAILABILITY = YES_AGGRESSIVE;
				CLANG_WARN_UNREACHABLE_CODE = YES;
				CLANG_WARN__DUPLICATE_METHOD_MATCH = YES;
				COPY_PHASE_STRIP = NO;
				DEBUG_INFORMATION_FORMAT = "dwarf-with-dsym";
				ENABLE_NS_ASSERTIONS = NO;
				ENABLE_STRICT_OBJC_MSGSEND = YES;
				GCC_C_LANGUAGE_STANDARD = gnu11;
				GCC_NO_COMMON_BLOCKS = YES;
				GCC_WARN_64_TO_32_BIT_CONVERSION = YES;
				GCC_WARN_ABOUT_RETURN_TYPE = YES_ERROR;
				GCC_WARN_UNDECLARED_SELECTOR = YES;
				GCC_WARN_UNINITIALIZED_AUTOS = YES_AGGRESSIVE;
				GCC_WARN_UNUSED_FUNCTION = YES;
				GCC_WARN_UNUSED_VARIABLE = YES;
				IPHONEOS_DEPLOYMENT_TARGET = 15.0;
				MTL_ENABLE_DEBUG_INFO = NO;
				MTL_FAST_MATH = YES;
				SDKROOT = iphoneos;
				SWIFT_COMPILATION_MODE = wholemodule;
				SWIFT_OPTIMIZATION_LEVEL = "-O";
				VALIDATE_PRODUCT = YES;
			};
			name = Release;
		};
		BB2321F02720916900BFB4A1 /* Debug */ = {
			isa = XCBuildConfiguration;
			buildSettings = {
				ASSETCATALOG_COMPILER_APPICON_NAME = AppIcon;
				ASSETCATALOG_COMPILER_GLOBAL_ACCENT_COLOR_NAME = AccentColor;
				CODE_SIGN_STYLE = Automatic;
				CURRENT_PROJECT_VERSION = 1;
				DEVELOPMENT_ASSET_PATHS = "\"Firebase Sample/Preview Content\"";
				DEVELOPMENT_TEAM = RKV4UP49S6;
				ENABLE_PREVIEWS = YES;
				GENERATE_INFOPLIST_FILE = YES;
				INFOPLIST_FILE = "Firebase-Sample-Info.plist";
				INFOPLIST_KEY_UIApplicationSceneManifest_Generation = YES;
				INFOPLIST_KEY_UIApplicationSupportsIndirectInputEvents = YES;
				INFOPLIST_KEY_UISupportedInterfaceOrientations_iPad = "UIInterfaceOrientationPortrait UIInterfaceOrientationPortraitUpsideDown UIInterfaceOrientationLandscapeLeft UIInterfaceOrientationLandscapeRight";
				INFOPLIST_KEY_UISupportedInterfaceOrientations_iPhone = "UIInterfaceOrientationPortrait UIInterfaceOrientationLandscapeLeft UIInterfaceOrientationLandscapeRight";
				LD_RUNPATH_SEARCH_PATHS = (
					"$(inherited)",
					"@executable_path/Frameworks",
				);
				MARKETING_VERSION = 1.0;
				PRODUCT_BUNDLE_IDENTIFIER = com.createchsol.FirebaseSample;
				PRODUCT_NAME = "Firebase Sample";
				SWIFT_EMIT_LOC_STRINGS = YES;
				SWIFT_VERSION = 5.0;
				TARGETED_DEVICE_FAMILY = 1;
			};
			name = Debug;
		};
		BB2321F12720916900BFB4A1 /* Release */ = {
			isa = XCBuildConfiguration;
			buildSettings = {
				ASSETCATALOG_COMPILER_APPICON_NAME = AppIcon;
				ASSETCATALOG_COMPILER_GLOBAL_ACCENT_COLOR_NAME = AccentColor;
				CODE_SIGN_STYLE = Automatic;
				CURRENT_PROJECT_VERSION = 1;
				DEVELOPMENT_ASSET_PATHS = "\"Firebase Sample/Preview Content\"";
				DEVELOPMENT_TEAM = RKV4UP49S6;
				ENABLE_PREVIEWS = YES;
				GENERATE_INFOPLIST_FILE = YES;
				INFOPLIST_FILE = "Firebase-Sample-Info.plist";
				INFOPLIST_KEY_UIApplicationSceneManifest_Generation = YES;
				INFOPLIST_KEY_UIApplicationSupportsIndirectInputEvents = YES;
				INFOPLIST_KEY_UISupportedInterfaceOrientations_iPad = "UIInterfaceOrientationPortrait UIInterfaceOrientationPortraitUpsideDown UIInterfaceOrientationLandscapeLeft UIInterfaceOrientationLandscapeRight";
				INFOPLIST_KEY_UISupportedInterfaceOrientations_iPhone = "UIInterfaceOrientationPortrait UIInterfaceOrientationLandscapeLeft UIInterfaceOrientationLandscapeRight";
				LD_RUNPATH_SEARCH_PATHS = (
					"$(inherited)",
					"@executable_path/Frameworks",
				);
				MARKETING_VERSION = 1.0;
				PRODUCT_BUNDLE_IDENTIFIER = com.createchsol.FirebaseSample;
				PRODUCT_NAME = "Firebase Sample";
				SWIFT_EMIT_LOC_STRINGS = YES;
				SWIFT_VERSION = 5.0;
				TARGETED_DEVICE_FAMILY = 1;
			};
			name = Release;
		};
/* End XCBuildConfiguration section */

/* Begin XCConfigurationList section */
		BB2321DC2720916800BFB4A1 /* Build configuration list for PBXProject "Firebase Sample" */ = {
			isa = XCConfigurationList;
			buildConfigurations = (
				BB2321ED2720916900BFB4A1 /* Debug */,
				BB2321EE2720916900BFB4A1 /* Release */,
			);
			defaultConfigurationIsVisible = 0;
			defaultConfigurationName = Release;
		};
		BB2321EF2720916900BFB4A1 /* Build configuration list for PBXNativeTarget "Firebase Sample" */ = {
			isa = XCConfigurationList;
			buildConfigurations = (
				BB2321F02720916900BFB4A1 /* Debug */,
				BB2321F12720916900BFB4A1 /* Release */,
			);
			defaultConfigurationIsVisible = 0;
			defaultConfigurationName = Release;
		};
/* End XCConfigurationList section */

/* Begin XCRemoteSwiftPackageReference section */
		BB2321F4272092E400BFB4A1 /* XCRemoteSwiftPackageReference "firebase-ios-sdk" */ = {
			isa = XCRemoteSwiftPackageReference;
			repositoryURL = "https://github.com/firebase/firebase-ios-sdk.git";
			requirement = {
				kind = upToNextMajorVersion;
				minimumVersion = 8.0.0;
			};
		};
/* End XCRemoteSwiftPackageReference section */

/* Begin XCSwiftPackageProductDependency section */
		BB2321F5272092E400BFB4A1 /* FirebaseStorage */ = {
			isa = XCSwiftPackageProductDependency;
			package = BB2321F4272092E400BFB4A1 /* XCRemoteSwiftPackageReference "firebase-ios-sdk" */;
			productName = FirebaseStorage;
		};
		BB2321F7272092E400BFB4A1 /* FirebaseStorageSwift-Beta */ = {
			isa = XCSwiftPackageProductDependency;
			package = BB2321F4272092E400BFB4A1 /* XCRemoteSwiftPackageReference "firebase-ios-sdk" */;
			productName = "FirebaseStorageSwift-Beta";
		};
		BB4E498A2722282E00421B53 /* FirebaseFirestore */ = {
			isa = XCSwiftPackageProductDependency;
			package = BB2321F4272092E400BFB4A1 /* XCRemoteSwiftPackageReference "firebase-ios-sdk" */;
			productName = FirebaseFirestore;
		};
		BB4E498C2722282E00421B53 /* FirebaseFirestoreSwift-Beta */ = {
			isa = XCSwiftPackageProductDependency;
			package = BB2321F4272092E400BFB4A1 /* XCRemoteSwiftPackageReference "firebase-ios-sdk" */;
			productName = "FirebaseFirestoreSwift-Beta";
		};
		BBB825E9272100EE001F022F /* FirebaseAuth */ = {
			isa = XCSwiftPackageProductDependency;
			package = BB2321F4272092E400BFB4A1 /* XCRemoteSwiftPackageReference "firebase-ios-sdk" */;
			productName = FirebaseAuth;
		};
/* End XCSwiftPackageProductDependency section */
	};
	rootObject = BB2321D92720916800BFB4A1 /* Project object */;
}
